
Microsoft Visual Studio Solution File, Format Version 12.00
# Visual Studio Version 17
VisualStudioVersion = 17.14.36301.6
MinimumVisualStudioVersion = 10.0.40219.1
Project("{FAE04EC0-301F-11D3-BF4B-00C04F79EFBC}") = "PWABuilder.SafeUrl2", ".\PWABuilder.SafeUrl.csproj", "{228EDB80-66C7-4BE4-B407-7D630F8295A8}"
EndProject
Global
	GlobalSection(SolutionConfigurationPlatforms) = preSolution
		Debug|Any CPU = Debug|Any CPU
		Release|Any CPU = Release|Any CPU
	EndGlobalSection
	GlobalSection(ProjectConfigurationPlatforms) = postSolution
		{228EDB80-66C7-4BE4-B407-7D630F8295A8}.Debug|Any CPU.ActiveCfg = Debug|Any CPU
		{228EDB80-66C7-4BE4-B407-7D630F8295A8}.Debug|Any CPU.Build.0 = Debug|Any CPU
		{228EDB80-66C7-4BE4-B407-7D630F8295A8}.Release|Any CPU.ActiveCfg = Release|Any CPU
		{228EDB80-66C7-4BE4-B407-7D630F8295A8}.Release|Any CPU.Build.0 = Release|Any CPU
	EndGlobalSection
	GlobalSection(SolutionProperties) = preSolution
		HideSolutionNode = FALSE
	EndGlobalSection
	GlobalSection(ExtensibilityGlobals) = postSolution
		SolutionGuid = {74292E37-37F1-42A3-838F-F9100FB8C3BF}
	EndGlobalSection
EndGlobal
